
Microsoft Visual Studio Solution File, Format Version 12.00
# Visual Studio Version 17
VisualStudioVersion = 17.5.33516.290
MinimumVisualStudioVersion = 10.0.40219.1
Project("{9A19103F-16F7-4668-BE54-9A1E7A4F7556}") = "RSA", "RSA\RSA.csproj", "{973D59CE-6E98-40AA-9F73-768E73DBAEEF}"
EndProject
Project("{FAE04EC0-301F-11D3-BF4B-00C04F79EFBC}") = "RSATests", "RSATests\RSATests.csproj", "{AB9B25A5-CD93-4D93-AF1F-E3CA2D6BEADC}"
EndProject
Global
	GlobalSection(SolutionConfigurationPlatforms) = preSolution
		Debug|Any CPU = Debug|Any CPU
		Release|Any CPU = Release|Any CPU
	EndGlobalSection
	GlobalSection(ProjectConfigurationPlatforms) = postSolution
		{973D59CE-6E98-40AA-9F73-768E73DBAEEF}.Debug|Any CPU.ActiveCfg = Debug|Any CPU
		{973D59CE-6E98-40AA-9F73-768E73DBAEEF}.Debug|Any CPU.Build.0 = Debug|Any CPU
		{973D59CE-6E98-40AA-9F73-768E73DBAEEF}.Release|Any CPU.ActiveCfg = Release|Any CPU
		{973D59CE-6E98-40AA-9F73-768E73DBAEEF}.Release|Any CPU.Build.0 = Release|Any CPU
		{AB9B25A5-CD93-4D93-AF1F-E3CA2D6BEADC}.Debug|Any CPU.ActiveCfg = Debug|Any CPU
		{AB9B25A5-CD93-4D93-AF1F-E3CA2D6BEADC}.Debug|Any CPU.Build.0 = Debug|Any CPU
		{AB9B25A5-CD93-4D93-AF1F-E3CA2D6BEADC}.Release|Any CPU.ActiveCfg = Release|Any CPU
		{AB9B25A5-CD93-4D93-AF1F-E3CA2D6BEADC}.Release|Any CPU.Build.0 = Release|Any CPU
	EndGlobalSection
	GlobalSection(SolutionProperties) = preSolution
		HideSolutionNode = FALSE
	EndGlobalSection
	GlobalSection(ExtensibilityGlobals) = postSolution
		SolutionGuid = {DA7C9F22-72CE-4CF2-B18E-A2B9D7D79281}
	EndGlobalSection
EndGlobal
